
Microsoft Visual Studio Solution File, Format Version 12.00
# Visual Studio Version 17
VisualStudioVersion = 17.14.36511.14
MinimumVisualStudioVersion = 10.0.40219.1
Project("{FAE04EC0-301F-11D3-BF4B-00C04F79EFBC}") = "Geometry", "..\Geometry\Geometry.csproj", "{5B832FAB-DA27-43EC-8E43-1C27D3299D85}"
EndProject
Project("{FAE04EC0-301F-11D3-BF4B-00C04F79EFBC}") = "CS332-Lab6", "..\CS332-Lab66\CS332-Lab6.csproj", "{6F9895FF-0B11-4AF7-BB61-2501283B08DE}"
EndProject
Project("{FAE04EC0-301F-11D3-BF4B-00C04F79EFBC}") = "CS332-Lab7", "CS332-Lab7\CS332-Lab7.csproj", "{A55CC865-318E-49C3-880F-F383A6A17B6A}"
EndProject
Global
	GlobalSection(SolutionConfigurationPlatforms) = preSolution
		Debug|Any CPU = Debug|Any CPU
		Release|Any CPU = Release|Any CPU
	EndGlobalSection
	GlobalSection(ProjectConfigurationPlatforms) = postSolution
		{5B832FAB-DA27-43EC-8E43-1C27D3299D85}.Debug|Any CPU.ActiveCfg = Debug|Any CPU
		{5B832FAB-DA27-43EC-8E43-1C27D3299D85}.Debug|Any CPU.Build.0 = Debug|Any CPU
		{5B832FAB-DA27-43EC-8E43-1C27D3299D85}.Release|Any CPU.ActiveCfg = Release|Any CPU
		{5B832FAB-DA27-43EC-8E43-1C27D3299D85}.Release|Any CPU.Build.0 = Release|Any CPU
		{6F9895FF-0B11-4AF7-BB61-2501283B08DE}.Debug|Any CPU.ActiveCfg = Debug|Any CPU
		{6F9895FF-0B11-4AF7-BB61-2501283B08DE}.Debug|Any CPU.Build.0 = Debug|Any CPU
		{6F9895FF-0B11-4AF7-BB61-2501283B08DE}.Release|Any CPU.ActiveCfg = Release|Any CPU
		{6F9895FF-0B11-4AF7-BB61-2501283B08DE}.Release|Any CPU.Build.0 = Release|Any CPU
		{A55CC865-318E-49C3-880F-F383A6A17B6A}.Debug|Any CPU.ActiveCfg = Debug|Any CPU
		{A55CC865-318E-49C3-880F-F383A6A17B6A}.Debug|Any CPU.Build.0 = Debug|Any CPU
		{A55CC865-318E-49C3-880F-F383A6A17B6A}.Release|Any CPU.ActiveCfg = Release|Any CPU
		{A55CC865-318E-49C3-880F-F383A6A17B6A}.Release|Any CPU.Build.0 = Release|Any CPU
	EndGlobalSection
	GlobalSection(SolutionProperties) = preSolution
		HideSolutionNode = FALSE
	EndGlobalSection
	GlobalSection(ExtensibilityGlobals) = postSolution
		SolutionGuid = {621DAE9B-01F8-4EE1-A55C-5B75E44534A7}
	EndGlobalSection
EndGlobal
