
Microsoft Visual Studio Solution File, Format Version 12.00
# Visual Studio Version 17
VisualStudioVersion = 17.14.36511.14
MinimumVisualStudioVersion = 10.0.40219.1
Project("{FAE04EC0-301F-11D3-BF4B-00C04F79EFBC}") = "CS332-Lab7", "CS332-Lab7\CS332-Lab7.csproj", "{A55CC865-318E-49C3-880F-F383A6A17B6A}"
EndProject
Project("{FAE04EC0-301F-11D3-BF4B-00C04F79EFBC}") = "Geometry", "Geometry\Geometry.csproj", "{19008DC8-7AC8-8B37-D8A8-9CA63625B683}"
EndProject
Project("{FAE04EC0-301F-11D3-BF4B-00C04F79EFBC}") = "CS332-Lab6", "CS332-Lab6\CS332-Lab6.csproj", "{F6FA6539-1901-2832-DB6A-44E08FD02286}"
EndProject
Project("{FAE04EC0-301F-11D3-BF4B-00C04F79EFBC}") = "CS332-Lab8", "CS332-Lab8\CS332-Lab8.csproj", "{0F28B1BD-3763-4FD1-B9AA-9FDE33C68073}"
EndProject
Project("{FAE04EC0-301F-11D3-BF4B-00C04F79EFBC}") = "CS332-Lab9", "CS332-Lab9\CS332-Lab9.csproj", "{A7DB5EC2-F10B-4C53-BF7A-E6DCDA4518C6}"
EndProject
Global
	GlobalSection(SolutionConfigurationPlatforms) = preSolution
		Debug|Any CPU = Debug|Any CPU
		Release|Any CPU = Release|Any CPU
	EndGlobalSection
	GlobalSection(ProjectConfigurationPlatforms) = postSolution
		{A55CC865-318E-49C3-880F-F383A6A17B6A}.Debug|Any CPU.ActiveCfg = Debug|Any CPU
		{A55CC865-318E-49C3-880F-F383A6A17B6A}.Debug|Any CPU.Build.0 = Debug|Any CPU
		{A55CC865-318E-49C3-880F-F383A6A17B6A}.Release|Any CPU.ActiveCfg = Release|Any CPU
		{A55CC865-318E-49C3-880F-F383A6A17B6A}.Release|Any CPU.Build.0 = Release|Any CPU
		{19008DC8-7AC8-8B37-D8A8-9CA63625B683}.Debug|Any CPU.ActiveCfg = Debug|Any CPU
		{19008DC8-7AC8-8B37-D8A8-9CA63625B683}.Debug|Any CPU.Build.0 = Debug|Any CPU
		{19008DC8-7AC8-8B37-D8A8-9CA63625B683}.Release|Any CPU.ActiveCfg = Release|Any CPU
		{19008DC8-7AC8-8B37-D8A8-9CA63625B683}.Release|Any CPU.Build.0 = Release|Any CPU
		{F6FA6539-1901-2832-DB6A-44E08FD02286}.Debug|Any CPU.ActiveCfg = Debug|Any CPU
		{F6FA6539-1901-2832-DB6A-44E08FD02286}.Debug|Any CPU.Build.0 = Debug|Any CPU
		{F6FA6539-1901-2832-DB6A-44E08FD02286}.Release|Any CPU.ActiveCfg = Release|Any CPU
		{F6FA6539-1901-2832-DB6A-44E08FD02286}.Release|Any CPU.Build.0 = Release|Any CPU
		{0F28B1BD-3763-4FD1-B9AA-9FDE33C68073}.Debug|Any CPU.ActiveCfg = Debug|Any CPU
		{0F28B1BD-3763-4FD1-B9AA-9FDE33C68073}.Debug|Any CPU.Build.0 = Debug|Any CPU
		{0F28B1BD-3763-4FD1-B9AA-9FDE33C68073}.Release|Any CPU.ActiveCfg = Release|Any CPU
		{0F28B1BD-3763-4FD1-B9AA-9FDE33C68073}.Release|Any CPU.Build.0 = Release|Any CPU
		{A7DB5EC2-F10B-4C53-BF7A-E6DCDA4518C6}.Debug|Any CPU.ActiveCfg = Debug|Any CPU
		{A7DB5EC2-F10B-4C53-BF7A-E6DCDA4518C6}.Debug|Any CPU.Build.0 = Debug|Any CPU
		{A7DB5EC2-F10B-4C53-BF7A-E6DCDA4518C6}.Release|Any CPU.ActiveCfg = Release|Any CPU
		{A7DB5EC2-F10B-4C53-BF7A-E6DCDA4518C6}.Release|Any CPU.Build.0 = Release|Any CPU
	EndGlobalSection
	GlobalSection(SolutionProperties) = preSolution
		HideSolutionNode = FALSE
	EndGlobalSection
	GlobalSection(ExtensibilityGlobals) = postSolution
		SolutionGuid = {621DAE9B-01F8-4EE1-A55C-5B75E44534A7}
	EndGlobalSection
EndGlobal
